
Microsoft Visual Studio Solution File, Format Version 12.00
# Visual Studio Version 17
VisualStudioVersion = 17.7.34031.279
MinimumVisualStudioVersion = 10.0.40219.1
Project("{FAE04EC0-301F-11D3-BF4B-00C04F79EFBC}") = "ConsoleApp2", "ConsoleApp2.csproj", "{D8E0E87F-7776-4F72-B50A-6BF0A1C8DD0A}"
EndProject
Global
	GlobalSection(SolutionConfigurationPlatforms) = preSolution
		Debug|Any CPU = Debug|Any CPU
		Release|Any CPU = Release|Any CPU
	EndGlobalSection
	GlobalSection(ProjectConfigurationPlatforms) = postSolution
		{D8E0E87F-7776-4F72-B50A-6BF0A1C8DD0A}.Debug|Any CPU.ActiveCfg = Debug|Any CPU
		{D8E0E87F-7776-4F72-B50A-6BF0A1C8DD0A}.Debug|Any CPU.Build.0 = Debug|Any CPU
		{D8E0E87F-7776-4F72-B50A-6BF0A1C8DD0A}.Release|Any CPU.ActiveCfg = Release|Any CPU
		{D8E0E87F-7776-4F72-B50A-6BF0A1C8DD0A}.Release|Any CPU.Build.0 = Release|Any CPU
	EndGlobalSection
	GlobalSection(SolutionProperties) = preSolution
		HideSolutionNode = FALSE
	EndGlobalSection
	GlobalSection(ExtensibilityGlobals) = postSolution
		SolutionGuid = {E230B21A-B627-4E83-9FBB-4A03EB8593F4}
	EndGlobalSection
EndGlobal
